
Microsoft Visual Studio Solution File, Format Version 12.00
# Visual Studio Version 17
VisualStudioVersion = 17.4.33213.308
MinimumVisualStudioVersion = 10.0.40219.1
Project("{FAE04EC0-301F-11D3-BF4B-00C04F79EFBC}") = "A1", "A1\A1.csproj", "{95889618-1261-4B37-840E-6F66646ED4E2}"
EndProject
Global
	GlobalSection(SolutionConfigurationPlatforms) = preSolution
		Debug|Any CPU = Debug|Any CPU
		Release|Any CPU = Release|Any CPU
	EndGlobalSection
	GlobalSection(ProjectConfigurationPlatforms) = postSolution
		{95889618-1261-4B37-840E-6F66646ED4E2}.Debug|Any CPU.ActiveCfg = Debug|Any CPU
		{95889618-1261-4B37-840E-6F66646ED4E2}.Debug|Any CPU.Build.0 = Debug|Any CPU
		{95889618-1261-4B37-840E-6F66646ED4E2}.Release|Any CPU.ActiveCfg = Release|Any CPU
		{95889618-1261-4B37-840E-6F66646ED4E2}.Release|Any CPU.Build.0 = Release|Any CPU
	EndGlobalSection
	GlobalSection(SolutionProperties) = preSolution
		HideSolutionNode = FALSE
	EndGlobalSection
	GlobalSection(ExtensibilityGlobals) = postSolution
		SolutionGuid = {65E8AFA0-95EA-4369-AA5F-23C18AED6655}
	EndGlobalSection
EndGlobal
